
Microsoft Visual Studio Solution File, Format Version 12.00
# Visual Studio Version 16
VisualStudioVersion = 16.0.30503.244
MinimumVisualStudioVersion = 10.0.40219.1
Project("{9A19103F-16F7-4668-BE54-9A1E7A4F7556}") = "LC-Sharp", "LC-Sharp\LC-Sharp.csproj", "{9DBF0C14-2520-4D50-A3EF-E07E859D8884}"
EndProject
Project("{9A19103F-16F7-4668-BE54-9A1E7A4F7556}") = "LC-Sharp-Test", "LC-Sharp-Test\LC-Sharp-Test.csproj", "{AF2BF154-478B-4548-9737-68AC83DAD9E7}"
EndProject
Global
	GlobalSection(SolutionConfigurationPlatforms) = preSolution
		Debug|Any CPU = Debug|Any CPU
		Release|Any CPU = Release|Any CPU
	EndGlobalSection
	GlobalSection(ProjectConfigurationPlatforms) = postSolution
		{9DBF0C14-2520-4D50-A3EF-E07E859D8884}.Debug|Any CPU.ActiveCfg = Debug|Any CPU
		{9DBF0C14-2520-4D50-A3EF-E07E859D8884}.Debug|Any CPU.Build.0 = Debug|Any CPU
		{9DBF0C14-2520-4D50-A3EF-E07E859D8884}.Release|Any CPU.ActiveCfg = Release|Any CPU
		{9DBF0C14-2520-4D50-A3EF-E07E859D8884}.Release|Any CPU.Build.0 = Release|Any CPU
		{AF2BF154-478B-4548-9737-68AC83DAD9E7}.Debug|Any CPU.ActiveCfg = Debug|Any CPU
		{AF2BF154-478B-4548-9737-68AC83DAD9E7}.Debug|Any CPU.Build.0 = Debug|Any CPU
		{AF2BF154-478B-4548-9737-68AC83DAD9E7}.Release|Any CPU.ActiveCfg = Release|Any CPU
		{AF2BF154-478B-4548-9737-68AC83DAD9E7}.Release|Any CPU.Build.0 = Release|Any CPU
	EndGlobalSection
	GlobalSection(SolutionProperties) = preSolution
		HideSolutionNode = FALSE
	EndGlobalSection
	GlobalSection(ExtensibilityGlobals) = postSolution
		SolutionGuid = {C8968049-4CBE-4DE3-8238-6F00BED988DD}
	EndGlobalSection
EndGlobal
